{
  "nodes": {
    "flake-utils": {
      "inputs": {
        "systems": "systems"
      },
      "locked": {
        "lastModified": 1710146030,
        "narHash": "sha256-SZ5L6eA7HJ/nmkzGG7/ISclqe6oZdOZTNoesiInkXPQ=",
        "owner": "numtide",
        "repo": "flake-utils",
        "rev": "b1d9ab70662946ef0850d488da1c9019f3a9752a",
        "type": "github"
      },
      "original": {
        "owner": "numtide",
        "repo": "flake-utils",
        "type": "github"
      }
    },
    "nixpkgs": {
      "locked": {
        "lastModified": 1716509168,
        "narHash": "sha256-4zSIhSRRIoEBwjbPm3YiGtbd8HDWzFxJjw5DYSDy1n8=",
        "owner": "nixos",
        "repo": "nixpkgs",
        "rev": "bfb7a882678e518398ce9a31a881538679f6f092",
        "type": "github"
      },
      "original": {
        "owner": "nixos",
        "ref": "nixos-unstable",
        "repo": "nixpkgs",
        "type": "github"
      }
    },
    "nixpkgs-sdcc": {
      "locked": {
        "lastModified": 1706220439,
        "narHash": "sha256-JMPlh3WoVVOSFSGdetBDKKkKkLNwnTqewFn+g1v2n/A=",
        "owner": "nixos",
        "repo": "nixpkgs",
        "rev": "7a339d87931bba829f68e94621536cad9132971a",
        "type": "github"
      },
      "original": {
        "owner": "nixos",
        "repo": "nixpkgs",
        "rev": "7a339d87931bba829f68e94621536cad9132971a",
        "type": "github"
      }
    },
    "nixpkgs-tinygo": {
      "flake": false,
      "locked": {
        "lastModified": 1782467914,
        "narHash": "sha256-pGvFkM8N0xEkIIXDe5YYfbEAvHrk4IxBrjB/x8OomhE=",
        "owner": "nixos",
        "repo": "nixpkgs",
        "rev": "e73de5be04e0eff4190a1432b946d469c794e7b4",
        "type": "github"
      },
      "original": {
        "owner": "nixos",
        "repo": "nixpkgs",
        "rev": "e73de5be04e0eff4190a1432b946d469c794e7b4",
        "type": "github"
      }
    },
    "root": {
      "inputs": {
        "flake-utils": "flake-utils",
        "nixpkgs": "nixpkgs",
        "nixpkgs-sdcc": "nixpkgs-sdcc",
        "nixpkgs-tinygo": "nixpkgs-tinygo",
        "tlaurion-net": "tlaurion-net",
        "tlaurion-tinygo": "tlaurion-tinygo"
      }
    },
    "systems": {
      "locked": {
        "lastModified": 1681028828,
        "narHash": "sha256-Vy1rq5AaRuLzOxct8nz4T6wlgyUR7zLU309k9mBC768=",
        "owner": "nix-systems",
        "repo": "default",
        "rev": "da67096a3b9bf56a91d16901293e51ba5b49a27e",
        "type": "github"
      },
      "original": {
        "owner": "nix-systems",
        "repo": "default",
        "type": "github"
      }
    },
    "tlaurion-net": {
      "flake": false,
      "locked": {
        "lastModified": 1782756480,
        "narHash": "sha256-kf0Dd8YuUMMtLJ3WKukBF1BXs7q66bHRICC3nmazW8I=",
        "owner": "tlaurion",
        "repo": "net",
        "rev": "ecae9bcd132ebccd2481228f1a345a3783f8ca14",
        "type": "github"
      },
      "original": {
        "owner": "tlaurion",
        "ref": "main",
        "repo": "net",
        "type": "github"
      }
    },
    "tlaurion-tinygo": {
      "flake": false,
      "locked": {
        "lastModified": 1782752383,
        "narHash": "sha256-Na1VTQobgRreh3VDnTHYZtIIWJRmNV7JY9I0zUY1cpE=",
        "owner": "tlaurion",
        "repo": "tinygo",
        "rev": "2b8c395d67ffbf6feee3783392c7168c5f22a3fe",
        "type": "github"
      },
      "original": {
        "owner": "tlaurion",
        "ref": "main",
        "repo": "tinygo",
        "type": "github"
      }
    }
  },
  "root": "root",
  "version": 7
}
